PODS:
  - Alamofire (5.2.2)
  - Cards (1.4.0):
    - Player (= 0.13.0)
  - Player (0.13.0)
  - SDWebImage (5.8.4):
    - SDWebImage/Core (= 5.8.4)
  - SDWebImage/Core (5.8.4)
  - SwiftyJSON (5.0.0)
  - youtube-ios-player-helper (1.0.2)

DEPENDENCIES:
  - Alamofire
  - Cards
  - SDWebImage
  - SwiftyJSON
  - youtube-ios-player-helper

SPEC REPOS:
  trunk:
    - Alamofire
    - Cards
    - Player
    - SDWebImage
    - SwiftyJSON
    - youtube-ios-player-helper

SPEC CHECKSUMS:
  Alamofire: 814429acc853c6c54ff123fc3d2ef66803823ce0
  Cards: 45ae6bd0eca7b5e8016d3b6cb30b60b04753f68f
  Player: 968d8d07d923bcdd6f7e4091c9e306eb44a5f7a4
  SDWebImage: cf6922231e95550934da2ada0f20f2becf2ceba9
  SwiftyJSON: 36413e04c44ee145039d332b4f4e2d3e8d6c4db7
  youtube-ios-player-helper: 40b96e52c22445f0fdc43731cefa32c67075ff81

PODFILE CHECKSUM: 074c2827d8a9506d88426995d94db126e27b5d5a

COCOAPODS: 1.9.3
