// !$*UTF8*$!
{
	archiveVersion = 1;
	classes = {
	};
	objectVersion = 51;
	objects = {

/* Begin PBXBuildFile section */
		BE8CAC1A42D4509A0B2338F5 /* Pods_WhatFlower.framework in Frameworks */ = {isa = PBXBuildFile; fileRef = DD587776C8FA32E610A4F39F /* Pods_WhatFlower.framework */; };
		D26FEB2A24DF1C050001EE47 /* AppDelegate.swift in Sources */ = {isa = PBXBuildFile; fileRef = D26FEB2924DF1C050001EE47 /* AppDelegate.swift */; };
		D26FEB2C24DF1C050001EE47 /* SceneDelegate.swift in Sources */ = {isa = PBXBuildFile; fileRef = D26FEB2B24DF1C050001EE47 /* SceneDelegate.swift */; };
		D26FEB2E24DF1C050001EE47 /* ViewController.swift in Sources */ = {isa = PBXBuildFile; fileRef = D26FEB2D24DF1C050001EE47 /* ViewController.swift */; };
		D26FEB3124DF1C050001EE47 /* Main.storyboard in Resources */ = {isa = PBXBuildFile; fileRef = D26FEB2F24DF1C050001EE47 /* Main.storyboard */; };
		D26FEB3324DF1C060001EE47 /* Assets.xcassets in Resources */ = {isa = PBXBuildFile; fileRef = D26FEB3224DF1C060001EE47 /* Assets.xcassets */; };
		D26FEB3624DF1C060001EE47 /* LaunchScreen.storyboard in Resources */ = {isa = PBXBuildFile; fileRef = D26FEB3424DF1C060001EE47 /* LaunchScreen.storyboard */; };
		D26FEB3E24DF1C540001EE47 /* FlowerClassifier.mlmodel in Sources */ = {isa = PBXBuildFile; fileRef = D26FEB3D24DF1C540001EE47 /* FlowerClassifier.mlmodel */; };
		D2DE76C724E0EA28004B6134 /* GymImageClassifier.mlmodel in Sources */ = {isa = PBXBuildFile; fileRef = D2DE76C624E0EA28004B6134 /* GymImageClassifier.mlmodel */; };
		D2DE76C924E66269004B6134 /* Equipment.swift in Sources */ = {isa = PBXBuildFile; fileRef = D2DE76C824E66269004B6134 /* Equipment.swift */; };
		D2DE76CB24E663BC004B6134 /* EquipmentBrain.swift in Sources */ = {isa = PBXBuildFile; fileRef = D2DE76CA24E663BC004B6134 /* EquipmentBrain.swift */; };
		D2DE76D324E8AD62004B6134 /* gymPic.jpeg in Resources */ = {isa = PBXBuildFile; fileRef = D2DE76D224E8AD62004B6134 /* gymPic.jpeg */; };
		D2DE76D524E8B48E004B6134 /* SwiftUIView.swift in Sources */ = {isa = PBXBuildFile; fileRef = D2DE76D424E8B48E004B6134 /* SwiftUIView.swift */; };
		D2DE76D724E8D5CE004B6134 /* ResultsViewController.swift in Sources */ = {isa = PBXBuildFile; fileRef = D2DE76D624E8D5CE004B6134 /* ResultsViewController.swift */; };
		D2DE76E124EB823B004B6134 /* ImageLoader.swift in Sources */ = {isa = PBXBuildFile; fileRef = D2DE76E024EB823B004B6134 /* ImageLoader.swift */; };
		D2DE76E324EB8E50004B6134 /* ImageView.swift in Sources */ = {isa = PBXBuildFile; fileRef = D2DE76E224EB8E50004B6134 /* ImageView.swift */; };
/* End PBXBuildFile section */

/* Begin PBXFileReference section */
		169A8E2C2078F53B9B80A085 /* Pods-WhatFlower.release.xcconfig */ = {isa = PBXFileReference; includeInIndex = 1; lastKnownFileType = text.xcconfig; name = "Pods-WhatFlower.release.xcconfig"; path = "Target Support Files/Pods-WhatFlower/Pods-WhatFlower.release.xcconfig"; sourceTree = "<group>"; };
		8F6FF5896C9CC23E4175215E /* Pods-WhatFlower.debug.xcconfig */ = {isa = PBXFileReference; includeInIndex = 1; lastKnownFileType = text.xcconfig; name = "Pods-WhatFlower.debug.xcconfig"; path = "Target Support Files/Pods-WhatFlower/Pods-WhatFlower.debug.xcconfig"; sourceTree = "<group>"; };
		D26FEB2624DF1C050001EE47 /* gymPic.app */ = {isa = PBXFileReference; explicitFileType = wrapper.application; includeInIndex = 0; path = gymPic.app; sourceTree = BUILT_PRODUCTS_DIR; };
		D26FEB2924DF1C050001EE47 /* AppDelegate.swift */ = {isa = PBXFileReference; lastKnownFileType = sourcecode.swift; path = AppDelegate.swift; sourceTree = "<group>"; };
		D26FEB2B24DF1C050001EE47 /* SceneDelegate.swift */ = {isa = PBXFileReference; lastKnownFileType = sourcecode.swift; path = SceneDelegate.swift; sourceTree = "<group>"; };
		D26FEB2D24DF1C050001EE47 /* ViewController.swift */ = {isa = PBXFileReference; lastKnownFileType = sourcecode.swift; path = ViewController.swift; sourceTree = "<group>"; };
		D26FEB3024DF1C050001EE47 /* Base */ = {isa = PBXFileReference; lastKnownFileType = file.storyboard; name = Base; path = Base.lproj/Main.storyboard; sourceTree = "<group>"; };
		D26FEB3224DF1C060001EE47 /* Assets.xcassets */ = {isa = PBXFileReference; lastKnownFileType = folder.assetcatalog; path = Assets.xcassets; sourceTree = "<group>"; };
		D26FEB3524DF1C060001EE47 /* Base */ = {isa = PBXFileReference; lastKnownFileType = file.storyboard; name = Base; path = Base.lproj/LaunchScreen.storyboard; sourceTree = "<group>"; };
		D26FEB3724DF1C060001EE47 /* Info.plist */ = {isa = PBXFileReference; lastKnownFileType = text.plist.xml; name = Info.plist; path = gymPic/Info.plist; sourceTree = SOURCE_ROOT; };
		D26FEB3D24DF1C540001EE47 /* FlowerClassifier.mlmodel */ = {isa = PBXFileReference; lastKnownFileType = file.mlmodel; path = FlowerClassifier.mlmodel; sourceTree = "<group>"; };
		D2DE76C624E0EA28004B6134 /* GymImageClassifier.mlmodel */ = {isa = PBXFileReference; lastKnownFileType = file.mlmodel; path = GymImageClassifier.mlmodel; sourceTree = "<group>"; };
		D2DE76C824E66269004B6134 /* Equipment.swift */ = {isa = PBXFileReference; lastKnownFileType = sourcecode.swift; path = Equipment.swift; sourceTree = "<group>"; };
		D2DE76CA24E663BC004B6134 /* EquipmentBrain.swift */ = {isa = PBXFileReference; lastKnownFileType = sourcecode.swift; path = EquipmentBrain.swift; sourceTree = "<group>"; };
		D2DE76D224E8AD62004B6134 /* gymPic.jpeg */ = {isa = PBXFileReference; lastKnownFileType = image.jpeg; path = gymPic.jpeg; sourceTree = "<group>"; };
		D2DE76D424E8B48E004B6134 /* SwiftUIView.swift */ = {isa = PBXFileReference; lastKnownFileType = sourcecode.swift; path = SwiftUIView.swift; sourceTree = "<group>"; };
		D2DE76D624E8D5CE004B6134 /* ResultsViewController.swift */ = {isa = PBXFileReference; lastKnownFileType = sourcecode.swift; path = ResultsViewController.swift; sourceTree = "<group>"; };
		D2DE76E024EB823B004B6134 /* ImageLoader.swift */ = {isa = PBXFileReference; lastKnownFileType = sourcecode.swift; path = ImageLoader.swift; sourceTree = "<group>"; };
		D2DE76E224EB8E50004B6134 /* ImageView.swift */ = {isa = PBXFileReference; lastKnownFileType = sourcecode.swift; path = ImageView.swift; sourceTree = "<group>"; };
		DD587776C8FA32E610A4F39F /* Pods_WhatFlower.framework */ = {isa = PBXFileReference; explicitFileType = wrapper.framework; includeInIndex = 0; path = Pods_WhatFlower.framework; sourceTree = BUILT_PRODUCTS_DIR; };
/* End PBXFileReference section */

/* Begin PBXFrameworksBuildPhase section */
		D26FEB2324DF1C040001EE47 /* Frameworks */ = {
			isa = PBXFrameworksBuildPhase;
			buildActionMask = 2147483647;
			files = (
				BE8CAC1A42D4509A0B2338F5 /* Pods_WhatFlower.framework in Frameworks */,
			);
			runOnlyForDeploymentPostprocessing = 0;
		};
/* End PBXFrameworksBuildPhase section */

/* Begin PBXGroup section */
		416F8C39C992FD36CF03B095 /* Pods */ = {
			isa = PBXGroup;
			children = (
				8F6FF5896C9CC23E4175215E /* Pods-WhatFlower.debug.xcconfig */,
				169A8E2C2078F53B9B80A085 /* Pods-WhatFlower.release.xcconfig */,
			);
			path = Pods;
			sourceTree = "<group>";
		};
		5C4858901FD9FA55F4BF590E /* Frameworks */ = {
			isa = PBXGroup;
			children = (
				DD587776C8FA32E610A4F39F /* Pods_WhatFlower.framework */,
			);
			name = Frameworks;
			sourceTree = "<group>";
		};
		D26FEB1D24DF1C040001EE47 = {
			isa = PBXGroup;
			children = (
				D26FEB2824DF1C050001EE47 /* gymPic */,
				D2DE76C624E0EA28004B6134 /* GymImageClassifier.mlmodel */,
				D26FEB2724DF1C050001EE47 /* Products */,
				416F8C39C992FD36CF03B095 /* Pods */,
				5C4858901FD9FA55F4BF590E /* Frameworks */,
			);
			sourceTree = "<group>";
		};
		D26FEB2724DF1C050001EE47 /* Products */ = {
			isa = PBXGroup;
			children = (
				D26FEB2624DF1C050001EE47 /* gymPic.app */,
			);
			name = Products;
			sourceTree = "<group>";
		};
		D26FEB2824DF1C050001EE47 /* gymPic */ = {
			isa = PBXGroup;
			children = (
				D26FEB2924DF1C050001EE47 /* AppDelegate.swift */,
				D26FEB2B24DF1C050001EE47 /* SceneDelegate.swift */,
				D26FEB2D24DF1C050001EE47 /* ViewController.swift */,
				D26FEB2F24DF1C050001EE47 /* Main.storyboard */,
				D2DE76D624E8D5CE004B6134 /* ResultsViewController.swift */,
				D2DE76D424E8B48E004B6134 /* SwiftUIView.swift */,
				D26FEB3224DF1C060001EE47 /* Assets.xcassets */,
				D2DE76D224E8AD62004B6134 /* gymPic.jpeg */,
				D26FEB3424DF1C060001EE47 /* LaunchScreen.storyboard */,
				D26FEB3724DF1C060001EE47 /* Info.plist */,
				D26FEB3D24DF1C540001EE47 /* FlowerClassifier.mlmodel */,
				D2DE76C824E66269004B6134 /* Equipment.swift */,
				D2DE76CA24E663BC004B6134 /* EquipmentBrain.swift */,
				D2DE76E024EB823B004B6134 /* ImageLoader.swift */,
				D2DE76E224EB8E50004B6134 /* ImageView.swift */,
			);
			path = gymPic;
			sourceTree = "<group>";
		};
/* End PBXGroup section */

/* Begin PBXNativeTarget section */
		D26FEB2524DF1C040001EE47 /* gymPic */ = {
			isa = PBXNativeTarget;
			buildConfigurationList = D26FEB3A24DF1C060001EE47 /* Build configuration list for PBXNativeTarget "gymPic" */;
			buildPhases = (
				C4A01C181A1DE49E39E37E56 /* [CP] Check Pods Manifest.lock */,
				D26FEB2224DF1C040001EE47 /* Sources */,
				D26FEB2324DF1C040001EE47 /* Frameworks */,
				D26FEB2424DF1C040001EE47 /* Resources */,
				685BE17A34C9AF76C05DD381 /* [CP] Embed Pods Frameworks */,
			);
			buildRules = (
			);
			dependencies = (
			);
			name = gymPic;
			productName = WhatFlower;
			productReference = D26FEB2624DF1C050001EE47 /* gymPic.app */;
			productType = "com.apple.product-type.application";
		};
/* End PBXNativeTarget section */

/* Begin PBXProject section */
		D26FEB1E24DF1C040001EE47 /* Project object */ = {
			isa = PBXProject;
			attributes = {
				LastSwiftUpdateCheck = 1160;
				LastUpgradeCheck = 1160;
				ORGANIZATIONNAME = "Kharl McCatty";
				TargetAttributes = {
					D26FEB2524DF1C040001EE47 = {
						CreatedOnToolsVersion = 11.6;
					};
				};
			};
			buildConfigurationList = D26FEB2124DF1C040001EE47 /* Build configuration list for PBXProject "gymPic" */;
			compatibilityVersion = "Xcode 9.3";
			developmentRegion = en;
			hasScannedForEncodings = 0;
			knownRegions = (
				en,
				Base,
			);
			mainGroup = D26FEB1D24DF1C040001EE47;
			productRefGroup = D26FEB2724DF1C050001EE47 /* Products */;
			projectDirPath = "";
			projectRoot = "";
			targets = (
				D26FEB2524DF1C040001EE47 /* gymPic */,
			);
		};
/* End PBXProject section */

/* Begin PBXResourcesBuildPhase section */
		D26FEB2424DF1C040001EE47 /* Resources */ = {
			isa = PBXResourcesBuildPhase;
			buildActionMask = 2147483647;
			files = (
				D2DE76D324E8AD62004B6134 /* gymPic.jpeg in Resources */,
				D26FEB3624DF1C060001EE47 /* LaunchScreen.storyboard in Resources */,
				D26FEB3324DF1C060001EE47 /* Assets.xcassets in Resources */,
				D26FEB3124DF1C050001EE47 /* Main.storyboard in Resources */,
			);
			runOnlyForDeploymentPostprocessing = 0;
		};
/* End PBXResourcesBuildPhase section */

/* Begin PBXShellScriptBuildPhase section */
		685BE17A34C9AF76C05DD381 /* [CP] Embed Pods Frameworks */ = {
			isa = PBXShellScriptBuildPhase;
			buildActionMask = 2147483647;
			files = (
			);
			inputFileListPaths = (
				"${PODS_ROOT}/Target Support Files/Pods-WhatFlower/Pods-WhatFlower-frameworks-${CONFIGURATION}-input-files.xcfilelist",
			);
			name = "[CP] Embed Pods Frameworks";
			outputFileListPaths = (
				"${PODS_ROOT}/Target Support Files/Pods-WhatFlower/Pods-WhatFlower-frameworks-${CONFIGURATION}-output-files.xcfilelist",
			);
			runOnlyForDeploymentPostprocessing = 0;
			shellPath = /bin/sh;
			shellScript = "\"${PODS_ROOT}/Target Support Files/Pods-WhatFlower/Pods-WhatFlower-frameworks.sh\"\n";
			showEnvVarsInLog = 0;
		};
		C4A01C181A1DE49E39E37E56 /* [CP] Check Pods Manifest.lock */ = {
			isa = PBXShellScriptBuildPhase;
			buildActionMask = 2147483647;
			files = (
			);
			inputFileListPaths = (
			);
			inputPaths = (
				"${PODS_PODFILE_DIR_PATH}/Podfile.lock",
				"${PODS_ROOT}/Manifest.lock",
			);
			name = "[CP] Check Pods Manifest.lock";
			outputFileListPaths = (
			);
			outputPaths = (
				"$(DERIVED_FILE_DIR)/Pods-WhatFlower-checkManifestLockResult.txt",
			);
			runOnlyForDeploymentPostprocessing = 0;
			shellPath = /bin/sh;
			shellScript = "diff \"${PODS_PODFILE_DIR_PATH}/Podfile.lock\" \"${PODS_ROOT}/Manifest.lock\" > /dev/null\nif [ $? != 0 ] ; then\n    # print error to STDERR\n    echo \"error: The sandbox is not in sync with the Podfile.lock. Run 'pod install' or update your CocoaPods installation.\" >&2\n    exit 1\nfi\n# This output is used by Xcode 'outputs' to avoid re-running this script phase.\necho \"SUCCESS\" > \"${SCRIPT_OUTPUT_FILE_0}\"\n";
			showEnvVarsInLog = 0;
		};
/* End PBXShellScriptBuildPhase section */

/* Begin PBXSourcesBuildPhase section */
		D26FEB2224DF1C040001EE47 /* Sources */ = {
			isa = PBXSourcesBuildPhase;
			buildActionMask = 2147483647;
			files = (
				D2DE76E324EB8E50004B6134 /* ImageView.swift in Sources */,
				D26FEB3E24DF1C540001EE47 /* FlowerClassifier.mlmodel in Sources */,
				D26FEB2E24DF1C050001EE47 /* ViewController.swift in Sources */,
				D2DE76D524E8B48E004B6134 /* SwiftUIView.swift in Sources */,
				D2DE76C924E66269004B6134 /* Equipment.swift in Sources */,
				D2DE76E124EB823B004B6134 /* ImageLoader.swift in Sources */,
				D26FEB2A24DF1C050001EE47 /* AppDelegate.swift in Sources */,
				D2DE76D724E8D5CE004B6134 /* ResultsViewController.swift in Sources */,
				D2DE76CB24E663BC004B6134 /* EquipmentBrain.swift in Sources */,
				D26FEB2C24DF1C050001EE47 /* SceneDelegate.swift in Sources */,
				D2DE76C724E0EA28004B6134 /* GymImageClassifier.mlmodel in Sources */,
			);
			runOnlyForDeploymentPostprocessing = 0;
		};
/* End PBXSourcesBuildPhase section */

/* Begin PBXVariantGroup section */
		D26FEB2F24DF1C050001EE47 /* Main.storyboard */ = {
			isa = PBXVariantGroup;
			children = (
				D26FEB3024DF1C050001EE47 /* Base */,
			);
			name = Main.storyboard;
			sourceTree = "<group>";
		};
		D26FEB3424DF1C060001EE47 /* LaunchScreen.storyboard */ = {
			isa = PBXVariantGroup;
			children = (
				D26FEB3524DF1C060001EE47 /* Base */,
			);
			name = LaunchScreen.storyboard;
			sourceTree = "<group>";
		};
/* End PBXVariantGroup section */

/* Begin XCBuildConfiguration section */
		D26FEB3824DF1C060001EE47 /* Debug */ = {
			isa = XCBuildConfiguration;
			buildSettings = {
				ALWAYS_SEARCH_USER_PATHS = NO;
				CLANG_ANALYZER_NONNULL = YES;
				CLANG_ANALYZER_NUMBER_OBJECT_CONVERSION = YES_AGGRESSIVE;
				CLANG_CXX_LANGUAGE_STANDARD = "gnu++14";
				CLANG_CXX_LIBRARY = "libc++";
				CLANG_ENABLE_MODULES = YES;
				CLANG_ENABLE_OBJC_ARC = YES;
				CLANG_ENABLE_OBJC_WEAK = YES;
				CLANG_WARN_BLOCK_CAPTURE_AUTORELEASING = YES;
				CLANG_WARN_BOOL_CONVERSION = YES;
				CLANG_WARN_COMMA = YES;
				CLANG_WARN_CONSTANT_CONVERSION = YES;
				CLANG_WARN_DEPRECATED_OBJC_IMPLEMENTATIONS = YES;
				CLANG_WARN_DIRECT_OBJC_ISA_USAGE = YES_ERROR;
				CLANG_WARN_DOCUMENTATION_COMMENTS = YES;
				CLANG_WARN_EMPTY_BODY = YES;
				CLANG_WARN_ENUM_CONVERSION = YES;
				CLANG_WARN_INFINITE_RECURSION = YES;
				CLANG_WARN_INT_CONVERSION = YES;
				CLANG_WARN_NON_LITERAL_NULL_CONVERSION = YES;
				CLANG_WARN_OBJC_IMPLICIT_RETAIN_SELF = YES;
				CLANG_WARN_OBJC_LITERAL_CONVERSION = YES;
				CLANG_WARN_OBJC_ROOT_CLASS = YES_ERROR;
				CLANG_WARN_RANGE_LOOP_ANALYSIS = YES;
				CLANG_WARN_STRICT_PROTOTYPES = YES;
				CLANG_WARN_SUSPICIOUS_MOVE = YES;
				CLANG_WARN_UNGUARDED_AVAILABILITY = YES_AGGRESSIVE;
				CLANG_WARN_UNREACHABLE_CODE = YES;
				CLANG_WARN__DUPLICATE_METHOD_MATCH = YES;
				COPY_PHASE_STRIP = NO;
				DEBUG_INFORMATION_FORMAT = dwarf;
				ENABLE_STRICT_OBJC_MSGSEND = YES;
				ENABLE_TESTABILITY = YES;
				GCC_C_LANGUAGE_STANDARD = gnu11;
				GCC_DYNAMIC_NO_PIC = NO;
				GCC_NO_COMMON_BLOCKS = YES;
				GCC_OPTIMIZATION_LEVEL = 0;
				GCC_PREPROCESSOR_DEFINITIONS = (
					"DEBUG=1",
					"$(inherited)",
				);
				GCC_WARN_64_TO_32_BIT_CONVERSION = YES;
				GCC_WARN_ABOUT_RETURN_TYPE = YES_ERROR;
				GCC_WARN_UNDECLARED_SELECTOR = YES;
				GCC_WARN_UNINITIALIZED_AUTOS = YES_AGGRESSIVE;
				GCC_WARN_UNUSED_FUNCTION = YES;
				GCC_WARN_UNUSED_VARIABLE = YES;
				IPHONEOS_DEPLOYMENT_TARGET = 13.6;
				MTL_ENABLE_DEBUG_INFO = INCLUDE_SOURCE;
				MTL_FAST_MATH = YES;
				ONLY_ACTIVE_ARCH = YES;
				SDKROOT = iphoneos;
				SWIFT_ACTIVE_COMPILATION_CONDITIONS = DEBUG;
				SWIFT_OPTIMIZATION_LEVEL = "-Onone";
			};
			name = Debug;
		};
		D26FEB3924DF1C060001EE47 /* Release */ = {
			isa = XCBuildConfiguration;
			buildSettings = {
				ALWAYS_SEARCH_USER_PATHS = NO;
				CLANG_ANALYZER_NONNULL = YES;
				CLANG_ANALYZER_NUMBER_OBJECT_CONVERSION = YES_AGGRESSIVE;
				CLANG_CXX_LANGUAGE_STANDARD = "gnu++14";
				CLANG_CXX_LIBRARY = "libc++";
				CLANG_ENABLE_MODULES = YES;
				CLANG_ENABLE_OBJC_ARC = YES;
				CLANG_ENABLE_OBJC_WEAK = YES;
				CLANG_WARN_BLOCK_CAPTURE_AUTORELEASING = YES;
				CLANG_WARN_BOOL_CONVERSION = YES;
				CLANG_WARN_COMMA = YES;
				CLANG_WARN_CONSTANT_CONVERSION = YES;
				CLANG_WARN_DEPRECATED_OBJC_IMPLEMENTATIONS = YES;
				CLANG_WARN_DIRECT_OBJC_ISA_USAGE = YES_ERROR;
				CLANG_WARN_DOCUMENTATION_COMMENTS = YES;
				CLANG_WARN_EMPTY_BODY = YES;
				CLANG_WARN_ENUM_CONVERSION = YES;
				CLANG_WARN_INFINITE_RECURSION = YES;
				CLANG_WARN_INT_CONVERSION = YES;
				CLANG_WARN_NON_LITERAL_NULL_CONVERSION = YES;
				CLANG_WARN_OBJC_IMPLICIT_RETAIN_SELF = YES;
				CLANG_WARN_OBJC_LITERAL_CONVERSION = YES;
				CLANG_WARN_OBJC_ROOT_CLASS = YES_ERROR;
				CLANG_WARN_RANGE_LOOP_ANALYSIS = YES;
				CLANG_WARN_STRICT_PROTOTYPES = YES;
				CLANG_WARN_SUSPICIOUS_MOVE = YES;
				CLANG_WARN_UNGUARDED_AVAILABILITY = YES_AGGRESSIVE;
				CLANG_WARN_UNREACHABLE_CODE = YES;
				CLANG_WARN__DUPLICATE_METHOD_MATCH = YES;
				COPY_PHASE_STRIP = NO;
				DEBUG_INFORMATION_FORMAT = "dwarf-with-dsym";
				ENABLE_NS_ASSERTIONS = NO;
				ENABLE_STRICT_OBJC_MSGSEND = YES;
				GCC_C_LANGUAGE_STANDARD = gnu11;
				GCC_NO_COMMON_BLOCKS = YES;
				GCC_WARN_64_TO_32_BIT_CONVERSION = YES;
				GCC_WARN_ABOUT_RETURN_TYPE = YES_ERROR;
				GCC_WARN_UNDECLARED_SELECTOR = YES;
				GCC_WARN_UNINITIALIZED_AUTOS = YES_AGGRESSIVE;
				GCC_WARN_UNUSED_FUNCTION = YES;
				GCC_WARN_UNUSED_VARIABLE = YES;
				IPHONEOS_DEPLOYMENT_TARGET = 13.6;
				MTL_ENABLE_DEBUG_INFO = NO;
				MTL_FAST_MATH = YES;
				SDKROOT = iphoneos;
				SWIFT_COMPILATION_MODE = wholemodule;
				SWIFT_OPTIMIZATION_LEVEL = "-O";
				VALIDATE_PRODUCT = YES;
			};
			name = Release;
		};
		D26FEB3B24DF1C060001EE47 /* Debug */ = {
			isa = XCBuildConfiguration;
			baseConfigurationReference = 8F6FF5896C9CC23E4175215E /* Pods-WhatFlower.debug.xcconfig */;
			buildSettings = {
				ASSETCATALOG_COMPILER_APPICON_NAME = AppIcon;
				CODE_SIGN_STYLE = Automatic;
				DEVELOPMENT_ASSET_PATHS = gymPic/Info.plist;
				DEVELOPMENT_TEAM = THZ4TR2F5J;
				INFOPLIST_FILE = "/Users/kharl/Documents/IOS Development/WhatFlower/gymPic/Info.plist";
				LD_RUNPATH_SEARCH_PATHS = (
					"$(inherited)",
					"@executable_path/Frameworks",
				);
				PRODUCT_BUNDLE_IDENTIFIER = com.kharlmccatty.gymPic;
				PRODUCT_NAME = gymPic;
				SWIFT_VERSION = 5.0;
				TARGETED_DEVICE_FAMILY = 1;
			};
			name = Debug;
		};
		D26FEB3C24DF1C060001EE47 /* Release */ = {
			isa = XCBuildConfiguration;
			baseConfigurationReference = 169A8E2C2078F53B9B80A085 /* Pods-WhatFlower.release.xcconfig */;
			buildSettings = {
				ASSETCATALOG_COMPILER_APPICON_NAME = AppIcon;
				CODE_SIGN_STYLE = Automatic;
				DEVELOPMENT_ASSET_PATHS = gymPic/Info.plist;
				DEVELOPMENT_TEAM = THZ4TR2F5J;
				INFOPLIST_FILE = "/Users/kharl/Documents/IOS Development/WhatFlower/gymPic/Info.plist";
				LD_RUNPATH_SEARCH_PATHS = (
					"$(inherited)",
					"@executable_path/Frameworks",
				);
				PRODUCT_BUNDLE_IDENTIFIER = com.kharlmccatty.gymPic;
				PRODUCT_NAME = gymPic;
				SWIFT_VERSION = 5.0;
				TARGETED_DEVICE_FAMILY = 1;
			};
			name = Release;
		};
/* End XCBuildConfiguration section */

/* Begin XCConfigurationList section */
		D26FEB2124DF1C040001EE47 /* Build configuration list for PBXProject "gymPic" */ = {
			isa = XCConfigurationList;
			buildConfigurations = (
				D26FEB3824DF1C060001EE47 /* Debug */,
				D26FEB3924DF1C060001EE47 /* Release */,
			);
			defaultConfigurationIsVisible = 0;
			defaultConfigurationName = Release;
		};
		D26FEB3A24DF1C060001EE47 /* Build configuration list for PBXNativeTarget "gymPic" */ = {
			isa = XCConfigurationList;
			buildConfigurations = (
				D26FEB3B24DF1C060001EE47 /* Debug */,
				D26FEB3C24DF1C060001EE47 /* Release */,
			);
			defaultConfigurationIsVisible = 0;
			defaultConfigurationName = Release;
		};
/* End XCConfigurationList section */
	};
	rootObject = D26FEB1E24DF1C040001EE47 /* Project object */;
}
